// !$*UTF8*$!
{
	archiveVersion = 1;
	classes = {
	};
	objectVersion = 56;
	objects = {

/* Begin PBXBuildFile section */
		998CCD2A29912CDD00AE6283 /* HomeScreen.swift in Sources */ = {isa = PBXBuildFile; fileRef = 998CCD2829912CDD00AE6283 /* HomeScreen.swift */; };
		998CCD2B29912CDD00AE6283 /* HomeScreen.xib in Resources */ = {isa = PBXBuildFile; fileRef = 998CCD2929912CDD00AE6283 /* HomeScreen.xib */; };
		998D4335298F54F800B3C5BF /* AppDelegate.swift in Sources */ = {isa = PBXBuildFile; fileRef = 998D4334298F54F800B3C5BF /* AppDelegate.swift */; };
		998D433E298F54FA00B3C5BF /* Assets.xcassets in Resources */ = {isa = PBXBuildFile; fileRef = 998D433D298F54FA00B3C5BF /* Assets.xcassets */; };
		998D4341298F54FA00B3C5BF /* LaunchScreen.storyboard in Resources */ = {isa = PBXBuildFile; fileRef = 998D433F298F54FA00B3C5BF /* LaunchScreen.storyboard */; };
		99A6A9FB2992953600D3EEEF /* MovieViewController.swift in Sources */ = {isa = PBXBuildFile; fileRef = 99A6A9F92992953600D3EEEF /* MovieViewController.swift */; };
		99A6A9FC2992953600D3EEEF /* MovieViewController.xib in Resources */ = {isa = PBXBuildFile; fileRef = 99A6A9FA2992953600D3EEEF /* MovieViewController.xib */; };
		99A6A9FF2992964700D3EEEF /* HomePageViewController.swift in Sources */ = {isa = PBXBuildFile; fileRef = 99A6A9FE2992964700D3EEEF /* HomePageViewController.swift */; };
		99BACD61299543B700762A3E /* BaseHeaderView.swift in Sources */ = {isa = PBXBuildFile; fileRef = 99BACD60299543B700762A3E /* BaseHeaderView.swift */; };
		99BACD63299543C500762A3E /* BaseHeaderView.xib in Resources */ = {isa = PBXBuildFile; fileRef = 99BACD62299543C500762A3E /* BaseHeaderView.xib */; };
		99BACD65299544B600762A3E /* Constant.swift in Sources */ = {isa = PBXBuildFile; fileRef = 99BACD64299544B600762A3E /* Constant.swift */; };
		99BACD682995452000762A3E /* Then.swift in Sources */ = {isa = PBXBuildFile; fileRef = 99BACD672995452000762A3E /* Then.swift */; };
		99BACD6A299545CC00762A3E /* BaseViewController.swift in Sources */ = {isa = PBXBuildFile; fileRef = 99BACD69299545CC00762A3E /* BaseViewController.swift */; };
		99BACD6C299547B500762A3E /* UIColor+Extension.swift in Sources */ = {isa = PBXBuildFile; fileRef = 99BACD6B299547B500762A3E /* UIColor+Extension.swift */; };
		99BACD6F2995489500762A3E /* TVViewController.swift in Sources */ = {isa = PBXBuildFile; fileRef = 99BACD6D2995489500762A3E /* TVViewController.swift */; };
		99BACD702995489500762A3E /* TVViewController.xib in Resources */ = {isa = PBXBuildFile; fileRef = 99BACD6E2995489500762A3E /* TVViewController.xib */; };
		99BACD732995495200762A3E /* FavoriteViewController.swift in Sources */ = {isa = PBXBuildFile; fileRef = 99BACD712995495200762A3E /* FavoriteViewController.swift */; };
		99BACD742995495200762A3E /* FavoriteViewController.xib in Resources */ = {isa = PBXBuildFile; fileRef = 99BACD722995495200762A3E /* FavoriteViewController.xib */; };
		99BACD7729954A0300762A3E /* ShowTimeViewController.swift in Sources */ = {isa = PBXBuildFile; fileRef = 99BACD7529954A0300762A3E /* ShowTimeViewController.swift */; };
		99BACD7829954A0300762A3E /* ShowTimeViewController.xib in Resources */ = {isa = PBXBuildFile; fileRef = 99BACD7629954A0300762A3E /* ShowTimeViewController.xib */; };
		99BACD7B29954B1400762A3E /* UIView+Extension.swift in Sources */ = {isa = PBXBuildFile; fileRef = 99BACD7A29954B1400762A3E /* UIView+Extension.swift */; };
		B26EA3419ED9632B85979C91 /* Pods_DopodCinema.framework in Frameworks */ = {isa = PBXBuildFile; fileRef = 90C5252D51EB9543C9BAF822 /* Pods_DopodCinema.framework */; };
/* End PBXBuildFile section */

/* Begin PBXFileReference section */
		5B7BFFDAAC81B9EAA92A9E35 /* Pods-DopodCinema.release.xcconfig */ = {isa = PBXFileReference; includeInIndex = 1; lastKnownFileType = text.xcconfig; name = "Pods-DopodCinema.release.xcconfig"; path = "Target Support Files/Pods-DopodCinema/Pods-DopodCinema.release.xcconfig"; sourceTree = "<group>"; };
		6ACC4E1D88E49D50323C8DD4 /* Pods-DopodCinema.debug.xcconfig */ = {isa = PBXFileReference; includeInIndex = 1; lastKnownFileType = text.xcconfig; name = "Pods-DopodCinema.debug.xcconfig"; path = "Target Support Files/Pods-DopodCinema/Pods-DopodCinema.debug.xcconfig"; sourceTree = "<group>"; };
		90C5252D51EB9543C9BAF822 /* Pods_DopodCinema.framework */ = {isa = PBXFileReference; explicitFileType = wrapper.framework; includeInIndex = 0; path = Pods_DopodCinema.framework; sourceTree = BUILT_PRODUCTS_DIR; };
		998CCD2829912CDD00AE6283 /* HomeScreen.swift */ = {isa = PBXFileReference; lastKnownFileType = sourcecode.swift; path = HomeScreen.swift; sourceTree = "<group>"; };
		998CCD2929912CDD00AE6283 /* HomeScreen.xib */ = {isa = PBXFileReference; lastKnownFileType = file.xib; path = HomeScreen.xib; sourceTree = "<group>"; };
		998D4331298F54F800B3C5BF /* DopodCinema.app */ = {isa = PBXFileReference; explicitFileType = wrapper.application; includeInIndex = 0; path = DopodCinema.app; sourceTree = BUILT_PRODUCTS_DIR; };
		998D4334298F54F800B3C5BF /* AppDelegate.swift */ = {isa = PBXFileReference; lastKnownFileType = sourcecode.swift; path = AppDelegate.swift; sourceTree = "<group>"; };
		998D433D298F54FA00B3C5BF /* Assets.xcassets */ = {isa = PBXFileReference; lastKnownFileType = folder.assetcatalog; path = Assets.xcassets; sourceTree = "<group>"; };
		998D4340298F54FA00B3C5BF /* Base */ = {isa = PBXFileReference; lastKnownFileType = file.storyboard; name = Base; path = Base.lproj/LaunchScreen.storyboard; sourceTree = "<group>"; };
		998D4342298F54FA00B3C5BF /* Info.plist */ = {isa = PBXFileReference; lastKnownFileType = text.plist.xml; path = Info.plist; sourceTree = "<group>"; };
		99A6A9F92992953600D3EEEF /* MovieViewController.swift */ = {isa = PBXFileReference; lastKnownFileType = sourcecode.swift; path = MovieViewController.swift; sourceTree = "<group>"; };
		99A6A9FA2992953600D3EEEF /* MovieViewController.xib */ = {isa = PBXFileReference; lastKnownFileType = file.xib; path = MovieViewController.xib; sourceTree = "<group>"; };
		99A6A9FE2992964700D3EEEF /* HomePageViewController.swift */ = {isa = PBXFileReference; lastKnownFileType = sourcecode.swift; path = HomePageViewController.swift; sourceTree = "<group>"; };
		99BACD60299543B700762A3E /* BaseHeaderView.swift */ = {isa = PBXFileReference; lastKnownFileType = sourcecode.swift; path = BaseHeaderView.swift; sourceTree = "<group>"; };
		99BACD62299543C500762A3E /* BaseHeaderView.xib */ = {isa = PBXFileReference; lastKnownFileType = file.xib; path = BaseHeaderView.xib; sourceTree = "<group>"; };
		99BACD64299544B600762A3E /* Constant.swift */ = {isa = PBXFileReference; lastKnownFileType = sourcecode.swift; path = Constant.swift; sourceTree = "<group>"; };
		99BACD672995452000762A3E /* Then.swift */ = {isa = PBXFileReference; lastKnownFileType = sourcecode.swift; path = Then.swift; sourceTree = "<group>"; };
		99BACD69299545CC00762A3E /* BaseViewController.swift */ = {isa = PBXFileReference; lastKnownFileType = sourcecode.swift; path = BaseViewController.swift; sourceTree = "<group>"; };
		99BACD6B299547B500762A3E /* UIColor+Extension.swift */ = {isa = PBXFileReference; lastKnownFileType = sourcecode.swift; path = "UIColor+Extension.swift"; sourceTree = "<group>"; };
		99BACD6D2995489500762A3E /* TVViewController.swift */ = {isa = PBXFileReference; lastKnownFileType = sourcecode.swift; path = TVViewController.swift; sourceTree = "<group>"; };
		99BACD6E2995489500762A3E /* TVViewController.xib */ = {isa = PBXFileReference; lastKnownFileType = file.xib; path = TVViewController.xib; sourceTree = "<group>"; };
		99BACD712995495200762A3E /* FavoriteViewController.swift */ = {isa = PBXFileReference; lastKnownFileType = sourcecode.swift; path = FavoriteViewController.swift; sourceTree = "<group>"; };
		99BACD722995495200762A3E /* FavoriteViewController.xib */ = {isa = PBXFileReference; lastKnownFileType = file.xib; path = FavoriteViewController.xib; sourceTree = "<group>"; };
		99BACD7529954A0300762A3E /* ShowTimeViewController.swift */ = {isa = PBXFileReference; lastKnownFileType = sourcecode.swift; path = ShowTimeViewController.swift; sourceTree = "<group>"; };
		99BACD7629954A0300762A3E /* ShowTimeViewController.xib */ = {isa = PBXFileReference; lastKnownFileType = file.xib; path = ShowTimeViewController.xib; sourceTree = "<group>"; };
		99BACD7A29954B1400762A3E /* UIView+Extension.swift */ = {isa = PBXFileReference; lastKnownFileType = sourcecode.swift; path = "UIView+Extension.swift"; sourceTree = "<group>"; };
/* End PBXFileReference section */

/* Begin PBXFrameworksBuildPhase section */
		998D432E298F54F800B3C5BF /* Frameworks */ = {
			isa = PBXFrameworksBuildPhase;
			buildActionMask = 2147483647;
			files = (
				B26EA3419ED9632B85979C91 /* Pods_DopodCinema.framework in Frameworks */,
			);
			runOnlyForDeploymentPostprocessing = 0;
		};
/* End PBXFrameworksBuildPhase section */

/* Begin PBXGroup section */
		998CCD2629912C4000AE6283 /* SupportFiles */ = {
			isa = PBXGroup;
			children = (
				998D433D298F54FA00B3C5BF /* Assets.xcassets */,
				998D433F298F54FA00B3C5BF /* LaunchScreen.storyboard */,
				998D4342298F54FA00B3C5BF /* Info.plist */,
			);
			path = SupportFiles;
			sourceTree = "<group>";
		};
		998CCD2729912C8100AE6283 /* Module */ = {
			isa = PBXGroup;
			children = (
				99A6A9F82992936F00D3EEEF /* ShowTime */,
				99A6A9F72992936500D3EEEF /* Favorite */,
				99A6A9F62992935F00D3EEEF /* TV */,
				99A6A9F52992935A00D3EEEF /* Movie */,
				998CCD2C29912CE200AE6283 /* Home */,
			);
			path = Module;
			sourceTree = "<group>";
		};
		998CCD2C29912CE200AE6283 /* Home */ = {
			isa = PBXGroup;
			children = (
				99A6A9FD2992961500D3EEEF /* SubView */,
				998CCD2829912CDD00AE6283 /* HomeScreen.swift */,
				998CCD2929912CDD00AE6283 /* HomeScreen.xib */,
			);
			path = Home;
			sourceTree = "<group>";
		};
		998D4328298F54F800B3C5BF = {
			isa = PBXGroup;
			children = (
				998D4333298F54F800B3C5BF /* DopodCinema */,
				998D4332298F54F800B3C5BF /* Products */,
				A9B64C94833591E079704652 /* Pods */,
				9A3AC5A033B3580301643657 /* Frameworks */,
			);
			sourceTree = "<group>";
		};
		998D4332298F54F800B3C5BF /* Products */ = {
			isa = PBXGroup;
			children = (
				998D4331298F54F800B3C5BF /* DopodCinema.app */,
			);
			name = Products;
			sourceTree = "<group>";
		};
		998D4333298F54F800B3C5BF /* DopodCinema */ = {
			isa = PBXGroup;
			children = (
				99BACD5E2995430700762A3E /* Common */,
				998CCD2729912C8100AE6283 /* Module */,
				998CCD2629912C4000AE6283 /* SupportFiles */,
				998D4348298F557500B3C5BF /* Application */,
			);
			path = DopodCinema;
			sourceTree = "<group>";
		};
		998D4348298F557500B3C5BF /* Application */ = {
			isa = PBXGroup;
			children = (
				998D4334298F54F800B3C5BF /* AppDelegate.swift */,
			);
			path = Application;
			sourceTree = "<group>";
		};
		99A6A9F52992935A00D3EEEF /* Movie */ = {
			isa = PBXGroup;
			children = (
				99A6A9F92992953600D3EEEF /* MovieViewController.swift */,
				99A6A9FA2992953600D3EEEF /* MovieViewController.xib */,
			);
			path = Movie;
			sourceTree = "<group>";
		};
		99A6A9F62992935F00D3EEEF /* TV */ = {
			isa = PBXGroup;
			children = (
				99BACD6D2995489500762A3E /* TVViewController.swift */,
				99BACD6E2995489500762A3E /* TVViewController.xib */,
			);
			path = TV;
			sourceTree = "<group>";
		};
		99A6A9F72992936500D3EEEF /* Favorite */ = {
			isa = PBXGroup;
			children = (
				99BACD712995495200762A3E /* FavoriteViewController.swift */,
				99BACD722995495200762A3E /* FavoriteViewController.xib */,
			);
			path = Favorite;
			sourceTree = "<group>";
		};
		99A6A9F82992936F00D3EEEF /* ShowTime */ = {
			isa = PBXGroup;
			children = (
				99BACD7529954A0300762A3E /* ShowTimeViewController.swift */,
				99BACD7629954A0300762A3E /* ShowTimeViewController.xib */,
			);
			path = ShowTime;
			sourceTree = "<group>";
		};
		99A6A9FD2992961500D3EEEF /* SubView */ = {
			isa = PBXGroup;
			children = (
				99A6A9FE2992964700D3EEEF /* HomePageViewController.swift */,
			);
			path = SubView;
			sourceTree = "<group>";
		};
		99BACD5E2995430700762A3E /* Common */ = {
			isa = PBXGroup;
			children = (
				99BACD662995450400762A3E /* Extensions */,
				99BACD5F2995435400762A3E /* View */,
				99BACD64299544B600762A3E /* Constant.swift */,
			);
			path = Common;
			sourceTree = "<group>";
		};
		99BACD5F2995435400762A3E /* View */ = {
			isa = PBXGroup;
			children = (
				99BACD60299543B700762A3E /* BaseHeaderView.swift */,
				99BACD62299543C500762A3E /* BaseHeaderView.xib */,
				99BACD69299545CC00762A3E /* BaseViewController.swift */,
			);
			path = View;
			sourceTree = "<group>";
		};
		99BACD662995450400762A3E /* Extensions */ = {
			isa = PBXGroup;
			children = (
				99BACD672995452000762A3E /* Then.swift */,
				99BACD6B299547B500762A3E /* UIColor+Extension.swift */,
				99BACD7A29954B1400762A3E /* UIView+Extension.swift */,
			);
			path = Extensions;
			sourceTree = "<group>";
		};
		9A3AC5A033B3580301643657 /* Frameworks */ = {
			isa = PBXGroup;
			children = (
				90C5252D51EB9543C9BAF822 /* Pods_DopodCinema.framework */,
			);
			name = Frameworks;
			sourceTree = "<group>";
		};
		A9B64C94833591E079704652 /* Pods */ = {
			isa = PBXGroup;
			children = (
				6ACC4E1D88E49D50323C8DD4 /* Pods-DopodCinema.debug.xcconfig */,
				5B7BFFDAAC81B9EAA92A9E35 /* Pods-DopodCinema.release.xcconfig */,
			);
			path = Pods;
			sourceTree = "<group>";
		};
/* End PBXGroup section */

/* Begin PBXNativeTarget section */
		998D4330298F54F800B3C5BF /* DopodCinema */ = {
			isa = PBXNativeTarget;
			buildConfigurationList = 998D4345298F54FA00B3C5BF /* Build configuration list for PBXNativeTarget "DopodCinema" */;
			buildPhases = (
				247956883EC86383EC144C03 /* [CP] Check Pods Manifest.lock */,
				998D432D298F54F800B3C5BF /* Sources */,
				998D432E298F54F800B3C5BF /* Frameworks */,
				998D432F298F54F800B3C5BF /* Resources */,
				F15D61D4E3E361F452E16E5C /* [CP] Embed Pods Frameworks */,
			);
			buildRules = (
			);
			dependencies = (
			);
			name = DopodCinema;
			productName = DopodCinema;
			productReference = 998D4331298F54F800B3C5BF /* DopodCinema.app */;
			productType = "com.apple.product-type.application";
		};
/* End PBXNativeTarget section */

/* Begin PBXProject section */
		998D4329298F54F800B3C5BF /* Project object */ = {
			isa = PBXProject;
			attributes = {
				BuildIndependentTargetsInParallel = 1;
				LastSwiftUpdateCheck = 1410;
				LastUpgradeCheck = 1410;
				TargetAttributes = {
					998D4330298F54F800B3C5BF = {
						CreatedOnToolsVersion = 14.1;
					};
				};
			};
			buildConfigurationList = 998D432C298F54F800B3C5BF /* Build configuration list for PBXProject "DopodCinema" */;
			compatibilityVersion = "Xcode 14.0";
			developmentRegion = en;
			hasScannedForEncodings = 0;
			knownRegions = (
				en,
				Base,
			);
			mainGroup = 998D4328298F54F800B3C5BF;
			productRefGroup = 998D4332298F54F800B3C5BF /* Products */;
			projectDirPath = "";
			projectRoot = "";
			targets = (
				998D4330298F54F800B3C5BF /* DopodCinema */,
			);
		};
/* End PBXProject section */

/* Begin PBXResourcesBuildPhase section */
		998D432F298F54F800B3C5BF /* Resources */ = {
			isa = PBXResourcesBuildPhase;
			buildActionMask = 2147483647;
			files = (
				99BACD63299543C500762A3E /* BaseHeaderView.xib in Resources */,
				998CCD2B29912CDD00AE6283 /* HomeScreen.xib in Resources */,
				99BACD7829954A0300762A3E /* ShowTimeViewController.xib in Resources */,
				998D4341298F54FA00B3C5BF /* LaunchScreen.storyboard in Resources */,
				99BACD742995495200762A3E /* FavoriteViewController.xib in Resources */,
				998D433E298F54FA00B3C5BF /* Assets.xcassets in Resources */,
				99BACD702995489500762A3E /* TVViewController.xib in Resources */,
				99A6A9FC2992953600D3EEEF /* MovieViewController.xib in Resources */,
			);
			runOnlyForDeploymentPostprocessing = 0;
		};
/* End PBXResourcesBuildPhase section */

/* Begin PBXShellScriptBuildPhase section */
		247956883EC86383EC144C03 /* [CP] Check Pods Manifest.lock */ = {
			isa = PBXShellScriptBuildPhase;
			buildActionMask = 2147483647;
			files = (
			);
			inputFileListPaths = (
			);
			inputPaths = (
				"${PODS_PODFILE_DIR_PATH}/Podfile.lock",
				"${PODS_ROOT}/Manifest.lock",
			);
			name = "[CP] Check Pods Manifest.lock";
			outputFileListPaths = (
			);
			outputPaths = (
				"$(DERIVED_FILE_DIR)/Pods-DopodCinema-checkManifestLockResult.txt",
			);
			runOnlyForDeploymentPostprocessing = 0;
			shellPath = /bin/sh;
			shellScript = "diff \"${PODS_PODFILE_DIR_PATH}/Podfile.lock\" \"${PODS_ROOT}/Manifest.lock\" > /dev/null\nif [ $? != 0 ] ; then\n    # print error to STDERR\n    echo \"error: The sandbox is not in sync with the Podfile.lock. Run 'pod install' or update your CocoaPods installation.\" >&2\n    exit 1\nfi\n# This output is used by Xcode 'outputs' to avoid re-running this script phase.\necho \"SUCCESS\" > \"${SCRIPT_OUTPUT_FILE_0}\"\n";
			showEnvVarsInLog = 0;
		};
		F15D61D4E3E361F452E16E5C /* [CP] Embed Pods Frameworks */ = {
			isa = PBXShellScriptBuildPhase;
			buildActionMask = 2147483647;
			files = (
			);
			inputFileListPaths = (
				"${PODS_ROOT}/Target Support Files/Pods-DopodCinema/Pods-DopodCinema-frameworks-${CONFIGURATION}-input-files.xcfilelist",
			);
			name = "[CP] Embed Pods Frameworks";
			outputFileListPaths = (
				"${PODS_ROOT}/Target Support Files/Pods-DopodCinema/Pods-DopodCinema-frameworks-${CONFIGURATION}-output-files.xcfilelist",
			);
			runOnlyForDeploymentPostprocessing = 0;
			shellPath = /bin/sh;
			shellScript = "\"${PODS_ROOT}/Target Support Files/Pods-DopodCinema/Pods-DopodCinema-frameworks.sh\"\n";
			showEnvVarsInLog = 0;
		};
/* End PBXShellScriptBuildPhase section */

/* Begin PBXSourcesBuildPhase section */
		998D432D298F54F800B3C5BF /* Sources */ = {
			isa = PBXSourcesBuildPhase;
			buildActionMask = 2147483647;
			files = (
				99BACD732995495200762A3E /* FavoriteViewController.swift in Sources */,
				99BACD7B29954B1400762A3E /* UIView+Extension.swift in Sources */,
				99A6A9FF2992964700D3EEEF /* HomePageViewController.swift in Sources */,
				998CCD2A29912CDD00AE6283 /* HomeScreen.swift in Sources */,
				99BACD6F2995489500762A3E /* TVViewController.swift in Sources */,
				998D4335298F54F800B3C5BF /* AppDelegate.swift in Sources */,
				99BACD6C299547B500762A3E /* UIColor+Extension.swift in Sources */,
				99A6A9FB2992953600D3EEEF /* MovieViewController.swift in Sources */,
				99BACD61299543B700762A3E /* BaseHeaderView.swift in Sources */,
				99BACD6A299545CC00762A3E /* BaseViewController.swift in Sources */,
				99BACD65299544B600762A3E /* Constant.swift in Sources */,
				99BACD7729954A0300762A3E /* ShowTimeViewController.swift in Sources */,
				99BACD682995452000762A3E /* Then.swift in Sources */,
			);
			runOnlyForDeploymentPostprocessing = 0;
		};
/* End PBXSourcesBuildPhase section */

/* Begin PBXVariantGroup section */
		998D433F298F54FA00B3C5BF /* LaunchScreen.storyboard */ = {
			isa = PBXVariantGroup;
			children = (
				998D4340298F54FA00B3C5BF /* Base */,
			);
			name = LaunchScreen.storyboard;
			sourceTree = "<group>";
		};
/* End PBXVariantGroup section */

/* Begin XCBuildConfiguration section */
		998D4343298F54FA00B3C5BF /* Debug */ = {
			isa = XCBuildConfiguration;
			buildSettings = {
				ALWAYS_SEARCH_USER_PATHS = NO;
				CLANG_ANALYZER_NONNULL = YES;
				CLANG_ANALYZER_NUMBER_OBJECT_CONVERSION = YES_AGGRESSIVE;
				CLANG_CXX_LANGUAGE_STANDARD = "gnu++20";
				CLANG_ENABLE_MODULES = YES;
				CLANG_ENABLE_OBJC_ARC = YES;
				CLANG_ENABLE_OBJC_WEAK = YES;
				CLANG_WARN_BLOCK_CAPTURE_AUTORELEASING = YES;
				CLANG_WARN_BOOL_CONVERSION = YES;
				CLANG_WARN_COMMA = YES;
				CLANG_WARN_CONSTANT_CONVERSION = YES;
				CLANG_WARN_DEPRECATED_OBJC_IMPLEMENTATIONS = YES;
				CLANG_WARN_DIRECT_OBJC_ISA_USAGE = YES_ERROR;
				CLANG_WARN_DOCUMENTATION_COMMENTS = YES;
				CLANG_WARN_EMPTY_BODY = YES;
				CLANG_WARN_ENUM_CONVERSION = YES;
				CLANG_WARN_INFINITE_RECURSION = YES;
				CLANG_WARN_INT_CONVERSION = YES;
				CLANG_WARN_NON_LITERAL_NULL_CONVERSION = YES;
				CLANG_WARN_OBJC_IMPLICIT_RETAIN_SELF = YES;
				CLANG_WARN_OBJC_LITERAL_CONVERSION = YES;
				CLANG_WARN_OBJC_ROOT_CLASS = YES_ERROR;
				CLANG_WARN_QUOTED_INCLUDE_IN_FRAMEWORK_HEADER = YES;
				CLANG_WARN_RANGE_LOOP_ANALYSIS = YES;
				CLANG_WARN_STRICT_PROTOTYPES = YES;
				CLANG_WARN_SUSPICIOUS_MOVE = YES;
				CLANG_WARN_UNGUARDED_AVAILABILITY = YES_AGGRESSIVE;
				CLANG_WARN_UNREACHABLE_CODE = YES;
				CLANG_WARN__DUPLICATE_METHOD_MATCH = YES;
				COPY_PHASE_STRIP = NO;
				DEBUG_INFORMATION_FORMAT = dwarf;
				ENABLE_STRICT_OBJC_MSGSEND = YES;
				ENABLE_TESTABILITY = YES;
				GCC_C_LANGUAGE_STANDARD = gnu11;
				GCC_DYNAMIC_NO_PIC = NO;
				GCC_NO_COMMON_BLOCKS = YES;
				GCC_OPTIMIZATION_LEVEL = 0;
				GCC_PREPROCESSOR_DEFINITIONS = (
					"DEBUG=1",
					"$(inherited)",
				);
				GCC_WARN_64_TO_32_BIT_CONVERSION = YES;
				GCC_WARN_ABOUT_RETURN_TYPE = YES_ERROR;
				GCC_WARN_UNDECLARED_SELECTOR = YES;
				GCC_WARN_UNINITIALIZED_AUTOS = YES_AGGRESSIVE;
				GCC_WARN_UNUSED_FUNCTION = YES;
				GCC_WARN_UNUSED_VARIABLE = YES;
				IPHONEOS_DEPLOYMENT_TARGET = 12.0;
				MTL_ENABLE_DEBUG_INFO = INCLUDE_SOURCE;
				MTL_FAST_MATH = YES;
				ONLY_ACTIVE_ARCH = YES;
				SDKROOT = iphoneos;
				SWIFT_ACTIVE_COMPILATION_CONDITIONS = DEBUG;
				SWIFT_OPTIMIZATION_LEVEL = "-Onone";
			};
			name = Debug;
		};
		998D4344298F54FA00B3C5BF /* Release */ = {
			isa = XCBuildConfiguration;
			buildSettings = {
				ALWAYS_SEARCH_USER_PATHS = NO;
				CLANG_ANALYZER_NONNULL = YES;
				CLANG_ANALYZER_NUMBER_OBJECT_CONVERSION = YES_AGGRESSIVE;
				CLANG_CXX_LANGUAGE_STANDARD = "gnu++20";
				CLANG_ENABLE_MODULES = YES;
				CLANG_ENABLE_OBJC_ARC = YES;
				CLANG_ENABLE_OBJC_WEAK = YES;
				CLANG_WARN_BLOCK_CAPTURE_AUTORELEASING = YES;
				CLANG_WARN_BOOL_CONVERSION = YES;
				CLANG_WARN_COMMA = YES;
				CLANG_WARN_CONSTANT_CONVERSION = YES;
				CLANG_WARN_DEPRECATED_OBJC_IMPLEMENTATIONS = YES;
				CLANG_WARN_DIRECT_OBJC_ISA_USAGE = YES_ERROR;
				CLANG_WARN_DOCUMENTATION_COMMENTS = YES;
				CLANG_WARN_EMPTY_BODY = YES;
				CLANG_WARN_ENUM_CONVERSION = YES;
				CLANG_WARN_INFINITE_RECURSION = YES;
				CLANG_WARN_INT_CONVERSION = YES;
				CLANG_WARN_NON_LITERAL_NULL_CONVERSION = YES;
				CLANG_WARN_OBJC_IMPLICIT_RETAIN_SELF = YES;
				CLANG_WARN_OBJC_LITERAL_CONVERSION = YES;
				CLANG_WARN_OBJC_ROOT_CLASS = YES_ERROR;
				CLANG_WARN_QUOTED_INCLUDE_IN_FRAMEWORK_HEADER = YES;
				CLANG_WARN_RANGE_LOOP_ANALYSIS = YES;
				CLANG_WARN_STRICT_PROTOTYPES = YES;
				CLANG_WARN_SUSPICIOUS_MOVE = YES;
				CLANG_WARN_UNGUARDED_AVAILABILITY = YES_AGGRESSIVE;
				CLANG_WARN_UNREACHABLE_CODE = YES;
				CLANG_WARN__DUPLICATE_METHOD_MATCH = YES;
				COPY_PHASE_STRIP = NO;
				DEBUG_INFORMATION_FORMAT = "dwarf-with-dsym";
				ENABLE_NS_ASSERTIONS = NO;
				ENABLE_STRICT_OBJC_MSGSEND = YES;
				GCC_C_LANGUAGE_STANDARD = gnu11;
				GCC_NO_COMMON_BLOCKS = YES;
				GCC_WARN_64_TO_32_BIT_CONVERSION = YES;
				GCC_WARN_ABOUT_RETURN_TYPE = YES_ERROR;
				GCC_WARN_UNDECLARED_SELECTOR = YES;
				GCC_WARN_UNINITIALIZED_AUTOS = YES_AGGRESSIVE;
				GCC_WARN_UNUSED_FUNCTION = YES;
				GCC_WARN_UNUSED_VARIABLE = YES;
				IPHONEOS_DEPLOYMENT_TARGET = 12.0;
				MTL_ENABLE_DEBUG_INFO = NO;
				MTL_FAST_MATH = YES;
				SDKROOT = iphoneos;
				SWIFT_COMPILATION_MODE = wholemodule;
				SWIFT_OPTIMIZATION_LEVEL = "-O";
				VALIDATE_PRODUCT = YES;
			};
			name = Release;
		};
		998D4346298F54FA00B3C5BF /* Debug */ = {
			isa = XCBuildConfiguration;
			baseConfigurationReference = 6ACC4E1D88E49D50323C8DD4 /* Pods-DopodCinema.debug.xcconfig */;
			buildSettings = {
				ASSETCATALOG_COMPILER_APPICON_NAME = AppIcon;
				ASSETCATALOG_COMPILER_GLOBAL_ACCENT_COLOR_NAME = AccentColor;
				CODE_SIGN_STYLE = Automatic;
				CURRENT_PROJECT_VERSION = 1;
				DEVELOPMENT_TEAM = 678Z7S5FB3;
				GENERATE_INFOPLIST_FILE = YES;
				INFOPLIST_FILE = DopodCinema/SupportFiles/Info.plist;
				INFOPLIST_KEY_UIApplicationSupportsIndirectInputEvents = YES;
				INFOPLIST_KEY_UILaunchStoryboardName = LaunchScreen;
				INFOPLIST_KEY_UISupportedInterfaceOrientations_iPad = "UIInterfaceOrientationPortrait UIInterfaceOrientationPortraitUpsideDown UIInterfaceOrientationLandscapeLeft UIInterfaceOrientationLandscapeRight";
				INFOPLIST_KEY_UISupportedInterfaceOrientations_iPhone = "UIInterfaceOrientationPortrait UIInterfaceOrientationLandscapeLeft UIInterfaceOrientationLandscapeRight";
				IPHONEOS_DEPLOYMENT_TARGET = 12.0;
				LD_RUNPATH_SEARCH_PATHS = (
					"$(inherited)",
					"@executable_path/Frameworks",
				);
				MARKETING_VERSION = 1.0;
				PRODUCT_BUNDLE_IDENTIFIER = com.theln.DopodCinema;
				PRODUCT_NAME = "$(TARGET_NAME)";
				SUPPORTED_PLATFORMS = "iphoneos iphonesimulator";
				SUPPORTS_MACCATALYST = NO;
				SUPPORTS_MAC_DESIGNED_FOR_IPHONE_IPAD = NO;
				SWIFT_EMIT_LOC_STRINGS = YES;
				SWIFT_VERSION = 5.0;
				TARGETED_DEVICE_FAMILY = "1,2";
			};
			name = Debug;
		};
		998D4347298F54FA00B3C5BF /* Release */ = {
			isa = XCBuildConfiguration;
			baseConfigurationReference = 5B7BFFDAAC81B9EAA92A9E35 /* Pods-DopodCinema.release.xcconfig */;
			buildSettings = {
				ASSETCATALOG_COMPILER_APPICON_NAME = AppIcon;
				ASSETCATALOG_COMPILER_GLOBAL_ACCENT_COLOR_NAME = AccentColor;
				CODE_SIGN_STYLE = Automatic;
				CURRENT_PROJECT_VERSION = 1;
				DEVELOPMENT_TEAM = 678Z7S5FB3;
				GENERATE_INFOPLIST_FILE = YES;
				INFOPLIST_FILE = DopodCinema/SupportFiles/Info.plist;
				INFOPLIST_KEY_UIApplicationSupportsIndirectInputEvents = YES;
				INFOPLIST_KEY_UILaunchStoryboardName = LaunchScreen;
				INFOPLIST_KEY_UISupportedInterfaceOrientations_iPad = "UIInterfaceOrientationPortrait UIInterfaceOrientationPortraitUpsideDown UIInterfaceOrientationLandscapeLeft UIInterfaceOrientationLandscapeRight";
				INFOPLIST_KEY_UISupportedInterfaceOrientations_iPhone = "UIInterfaceOrientationPortrait UIInterfaceOrientationLandscapeLeft UIInterfaceOrientationLandscapeRight";
				IPHONEOS_DEPLOYMENT_TARGET = 12.0;
				LD_RUNPATH_SEARCH_PATHS = (
					"$(inherited)",
					"@executable_path/Frameworks",
				);
				MARKETING_VERSION = 1.0;
				PRODUCT_BUNDLE_IDENTIFIER = com.theln.DopodCinema;
				PRODUCT_NAME = "$(TARGET_NAME)";
				SUPPORTED_PLATFORMS = "iphoneos iphonesimulator";
				SUPPORTS_MACCATALYST = NO;
				SUPPORTS_MAC_DESIGNED_FOR_IPHONE_IPAD = NO;
				SWIFT_EMIT_LOC_STRINGS = YES;
				SWIFT_VERSION = 5.0;
				TARGETED_DEVICE_FAMILY = "1,2";
			};
			name = Release;
		};
/* End XCBuildConfiguration section */

/* Begin XCConfigurationList section */
		998D432C298F54F800B3C5BF /* Build configuration list for PBXProject "DopodCinema" */ = {
			isa = XCConfigurationList;
			buildConfigurations = (
				998D4343298F54FA00B3C5BF /* Debug */,
				998D4344298F54FA00B3C5BF /* Release */,
			);
			defaultConfigurationIsVisible = 0;
			defaultConfigurationName = Release;
		};
		998D4345298F54FA00B3C5BF /* Build configuration list for PBXNativeTarget "DopodCinema" */ = {
			isa = XCConfigurationList;
			buildConfigurations = (
				998D4346298F54FA00B3C5BF /* Debug */,
				998D4347298F54FA00B3C5BF /* Release */,
			);
			defaultConfigurationIsVisible = 0;
			defaultConfigurationName = Release;
		};
/* End XCConfigurationList section */
	};
	rootObject = 998D4329298F54F800B3C5BF /* Project object */;
}
